// !$*UTF8*$!
{
	archiveVersion = 1;
	classes = {
	};
	objectVersion = 46;
	objects = {

/* Begin PBXBuildFile section */
		DDD46BE71DB7255F004F512B /* AppDelegate.swift in Sources */ = {isa = PBXBuildFile; fileRef = DDD46BE61DB7255F004F512B /* AppDelegate.swift */; };
		DDD46BE91DB7255F004F512B /* ViewController.swift in Sources */ = {isa = PBXBuildFile; fileRef = DDD46BE81DB7255F004F512B /* ViewController.swift */; };
		DDD46BEC1DB7255F004F512B /* Main.storyboard in Resources */ = {isa = PBXBuildFile; fileRef = DDD46BEA1DB7255F004F512B /* Main.storyboard */; };
		DDD46BEE1DB7255F004F512B /* Assets.xcassets in Resources */ = {isa = PBXBuildFile; fileRef = DDD46BED1DB7255F004F512B /* Assets.xcassets */; };
		DDD46BF11DB7255F004F512B /* LaunchScreen.storyboard in Resources */ = {isa = PBXBuildFile; fileRef = DDD46BEF1DB7255F004F512B /* LaunchScreen.storyboard */; };
		DDDAD5031DC7F8BB00003218 /* CalculatorBrain.swift in Sources */ = {isa = PBXBuildFile; fileRef = DDDAD5021DC7F8BB00003218 /* CalculatorBrain.swift */; };
/* End PBXBuildFile section */

/* Begin PBXFileReference section */
		DDD46BE31DB7255F004F512B /* Calculator.app */ = {isa = PBXFileReference; explicitFileType = wrapper.application; includeInIndex = 0; path = Calculator.app; sourceTree = BUILT_PRODUCTS_DIR; };
		DDD46BE61DB7255F004F512B /* AppDelegate.swift */ = {isa = PBXFileReference; lastKnownFileType = sourcecode.swift; path = AppDelegate.swift; sourceTree = "<group>"; };
		DDD46BE81DB7255F004F512B /* ViewController.swift */ = {isa = PBXFileReference; lastKnownFileType = sourcecode.swift; path = ViewController.swift; sourceTree = "<group>"; };
		DDD46BEB1DB7255F004F512B /* Base */ = {isa = PBXFileReference; lastKnownFileType = file.storyboard; name = Base; path = Base.lproj/Main.storyboard; sourceTree = "<group>"; };
		DDD46BED1DB7255F004F512B /* Assets.xcassets */ = {isa = PBXFileReference; lastKnownFileType = folder.assetcatalog; path = Assets.xcassets; sourceTree = "<group>"; };
		DDD46BF01DB7255F004F512B /* Base */ = {isa = PBXFileReference; lastKnownFileType = file.storyboard; name = Base; path = Base.lproj/LaunchScreen.storyboard; sourceTree = "<group>"; };
		DDD46BF21DB7255F004F512B /* Info.plist */ = {isa = PBXFileReference; lastKnownFileType = text.plist.xml; path = Info.plist; sourceTree = "<group>"; };
		DDDAD5021DC7F8BB00003218 /* CalculatorBrain.swift */ = {isa = PBXFileReference; fileEncoding = 4; lastKnownFileType = sourcecode.swift; path = CalculatorBrain.swift; sourceTree = "<group>"; };
/* End PBXFileReference section */

/* Begin PBXFrameworksBuildPhase section */
		DDD46BE01DB7255F004F512B /* Frameworks */ = {
			isa = PBXFrameworksBuildPhase;
			buildActionMask = 2147483647;
			files = (
			);
			runOnlyForDeploymentPostprocessing = 0;
		};
/* End PBXFrameworksBuildPhase section */

/* Begin PBXGroup section */
		DDD46BDA1DB7255F004F512B = {
			isa = PBXGroup;
			children = (
				DDD46BE51DB7255F004F512B /* Calculator */,
				DDD46BE41DB7255F004F512B /* Products */,
			);
			sourceTree = "<group>";
		};
		DDD46BE41DB7255F004F512B /* Products */ = {
			isa = PBXGroup;
			children = (
				DDD46BE31DB7255F004F512B /* Calculator.app */,
			);
			name = Products;
			sourceTree = "<group>";
		};
		DDD46BE51DB7255F004F512B /* Calculator */ = {
			isa = PBXGroup;
			children = (
				DDD46BE81DB7255F004F512B /* ViewController.swift */,
				DDD46BEA1DB7255F004F512B /* Main.storyboard */,
				DDDAD5021DC7F8BB00003218 /* CalculatorBrain.swift */,
				DDD46BF81DB72834004F512B /* Supporting files */,
			);
			path = Calculator;
			sourceTree = "<group>";
		};
		DDD46BF81DB72834004F512B /* Supporting files */ = {
			isa = PBXGroup;
			children = (
				DDD46BE61DB7255F004F512B /* AppDelegate.swift */,
				DDD46BED1DB7255F004F512B /* Assets.xcassets */,
				DDD46BEF1DB7255F004F512B /* LaunchScreen.storyboard */,
				DDD46BF21DB7255F004F512B /* Info.plist */,
			);
			name = "Supporting files";
			sourceTree = "<group>";
		};
/* End PBXGroup section */

/* Begin PBXNativeTarget section */
		DDD46BE21DB7255F004F512B /* Calculator */ = {
			isa = PBXNativeTarget;
			buildConfigurationList = DDD46BF51DB7255F004F512B /* Build configuration list for PBXNativeTarget "Calculator" */;
			buildPhases = (
				DDD46BDF1DB7255F004F512B /* Sources */,
				DDD46BE01DB7255F004F512B /* Frameworks */,
				DDD46BE11DB7255F004F512B /* Resources */,
			);
			buildRules = (
			);
			dependencies = (
			);
			name = Calculator;
			productName = Calculator;
			productReference = DDD46BE31DB7255F004F512B /* Calculator.app */;
			productType = "com.apple.product-type.application";
		};
/* End PBXNativeTarget section */

/* Begin PBXProject section */
		DDD46BDB1DB7255F004F512B /* Project object */ = {
			isa = PBXProject;
			attributes = {
				LastSwiftUpdateCheck = 0730;
				LastUpgradeCheck = 0730;
				ORGANIZATIONNAME = "Jhonny Bill Mena";
				TargetAttributes = {
					DDD46BE21DB7255F004F512B = {
						CreatedOnToolsVersion = 7.3;
						LastSwiftMigration = 0810;
					};
				};
			};
			buildConfigurationList = DDD46BDE1DB7255F004F512B /* Build configuration list for PBXProject "Calculator" */;
			compatibilityVersion = "Xcode 3.2";
			developmentRegion = English;
			hasScannedForEncodings = 0;
			knownRegions = (
				en,
				Base,
			);
			mainGroup = DDD46BDA1DB7255F004F512B;
			productRefGroup = DDD46BE41DB7255F004F512B /* Products */;
			projectDirPath = "";
			projectRoot = "";
			targets = (
				DDD46BE21DB7255F004F512B /* Calculator */,
			);
		};
/* End PBXProject section */

/* Begin PBXResourcesBuildPhase section */
		DDD46BE11DB7255F004F512B /* Resources */ = {
			isa = PBXResourcesBuildPhase;
			buildActionMask = 2147483647;
			files = (
				DDD46BF11DB7255F004F512B /* LaunchScreen.storyboard in Resources */,
				DDD46BEE1DB7255F004F512B /* Assets.xcassets in Resources */,
				DDD46BEC1DB7255F004F512B /* Main.storyboard in Resources */,
			);
			runOnlyForDeploymentPostprocessing = 0;
		};
/* End PBXResourcesBuildPhase section */

/* Begin PBXSourcesBuildPhase section */
		DDD46BDF1DB7255F004F512B /* Sources */ = {
			isa = PBXSourcesBuildPhase;
			buildActionMask = 2147483647;
			files = (
				DDDAD5031DC7F8BB00003218 /* CalculatorBrain.swift in Sources */,
				DDD46BE91DB7255F004F512B /* ViewController.swift in Sources */,
				DDD46BE71DB7255F004F512B /* AppDelegate.swift in Sources */,
			);
			runOnlyForDeploymentPostprocessing = 0;
		};
/* End PBXSourcesBuildPhase section */

/* Begin PBXVariantGroup section */
		DDD46BEA1DB7255F004F512B /* Main.storyboard */ = {
			isa = PBXVariantGroup;
			children = (
				DDD46BEB1DB7255F004F512B /* Base */,
			);
			name = Main.storyboard;
			sourceTree = "<group>";
		};
		DDD46BEF1DB7255F004F512B /* LaunchScreen.storyboard */ = {
			isa = PBXVariantGroup;
			children = (
				DDD46BF01DB7255F004F512B /* Base */,
			);
			name = LaunchScreen.storyboard;
			sourceTree = "<group>";
		};
/* End PBXVariantGroup section */

/* Begin XCBuildConfiguration section */
		DDD46BF31DB7255F004F512B /* Debug */ = {
			isa = XCBuildConfiguration;
			buildSettings = {
				ALWAYS_SEARCH_USER_PATHS = NO;
				CLANG_ANALYZER_NONNULL = YES;
				CLANG_CXX_LANGUAGE_STANDARD = "gnu++0x";
				CLANG_CXX_LIBRARY = "libc++";
				CLANG_ENABLE_MODULES = YES;
				CLANG_ENABLE_OBJC_ARC = YES;
				CLANG_WARN_BOOL_CONVERSION = YES;
				CLANG_WARN_CONSTANT_CONVERSION = YES;
				CLANG_WARN_DIRECT_OBJC_ISA_USAGE = YES_ERROR;
				CLANG_WARN_EMPTY_BODY = YES;
				CLANG_WARN_ENUM_CONVERSION = YES;
				CLANG_WARN_INT_CONVERSION = YES;
				CLANG_WARN_OBJC_ROOT_CLASS = YES_ERROR;
				CLANG_WARN_UNREACHABLE_CODE = YES;
				CLANG_WARN__DUPLICATE_METHOD_MATCH = YES;
				"CODE_SIGN_IDENTITY[sdk=iphoneos*]" = "iPhone Developer";
				COPY_PHASE_STRIP = NO;
				DEBUG_INFORMATION_FORMAT = dwarf;
				ENABLE_STRICT_OBJC_MSGSEND = YES;
				ENABLE_TESTABILITY = YES;
				GCC_C_LANGUAGE_STANDARD = gnu99;
				GCC_DYNAMIC_NO_PIC = NO;
				GCC_NO_COMMON_BLOCKS = YES;
				GCC_OPTIMIZATION_LEVEL = 0;
				GCC_PREPROCESSOR_DEFINITIONS = (
					"DEBUG=1",
					"$(inherited)",
				);
				GCC_WARN_64_TO_32_BIT_CONVERSION = YES;
				GCC_WARN_ABOUT_RETURN_TYPE = YES_ERROR;
				GCC_WARN_UNDECLARED_SELECTOR = YES;
				GCC_WARN_UNINITIALIZED_AUTOS = YES_AGGRESSIVE;
				GCC_WARN_UNUSED_FUNCTION = YES;
				GCC_WARN_UNUSED_VARIABLE = YES;
				IPHONEOS_DEPLOYMENT_TARGET = 9.3;
				MTL_ENABLE_DEBUG_INFO = YES;
				ONLY_ACTIVE_ARCH = YES;
				SDKROOT = iphoneos;
				SWIFT_OPTIMIZATION_LEVEL = "-Onone";
				TARGETED_DEVICE_FAMILY = "1,2";
			};
			name = Debug;
		};
		DDD46BF41DB7255F004F512B /* Release */ = {
			isa = XCBuildConfiguration;
			buildSettings = {
				ALWAYS_SEARCH_USER_PATHS = NO;
				CLANG_ANALYZER_NONNULL = YES;
				CLANG_CXX_LANGUAGE_STANDARD = "gnu++0x";
				CLANG_CXX_LIBRARY = "libc++";
				CLANG_ENABLE_MODULES = YES;
				CLANG_ENABLE_OBJC_ARC = YES;
				CLANG_WARN_BOOL_CONVERSION = YES;
				CLANG_WARN_CONSTANT_CONVERSION = YES;
				CLANG_WARN_DIRECT_OBJC_ISA_USAGE = YES_ERROR;
				CLANG_WARN_EMPTY_BODY = YES;
				CLANG_WARN_ENUM_CONVERSION = YES;
				CLANG_WARN_INT_CONVERSION = YES;
				CLANG_WARN_OBJC_ROOT_CLASS = YES_ERROR;
				CLANG_WARN_UNREACHABLE_CODE = YES;
				CLANG_WARN__DUPLICATE_METHOD_MATCH = YES;
				"CODE_SIGN_IDENTITY[sdk=iphoneos*]" = "iPhone Developer";
				COPY_PHASE_STRIP = NO;
				DEBUG_INFORMATION_FORMAT = "dwarf-with-dsym";
				ENABLE_NS_ASSERTIONS = NO;
				ENABLE_STRICT_OBJC_MSGSEND = YES;
				GCC_C_LANGUAGE_STANDARD = gnu99;
				GCC_NO_COMMON_BLOCKS = YES;
				GCC_WARN_64_TO_32_BIT_CONVERSION = YES;
				GCC_WARN_ABOUT_RETURN_TYPE = YES_ERROR;
				GCC_WARN_UNDECLARED_SELECTOR = YES;
				GCC_WARN_UNINITIALIZED_AUTOS = YES_AGGRESSIVE;
				GCC_WARN_UNUSED_FUNCTION = YES;
				GCC_WARN_UNUSED_VARIABLE = YES;
				IPHONEOS_DEPLOYMENT_TARGET = 9.3;
				MTL_ENABLE_DEBUG_INFO = NO;
				SDKROOT = iphoneos;
				TARGETED_DEVICE_FAMILY = "1,2";
				VALIDATE_PRODUCT = YES;
			};
			name = Release;
		};
		DDD46BF61DB7255F004F512B /* Debug */ = {
			isa = XCBuildConfiguration;
			buildSettings = {
				ASSETCATALOG_COMPILER_APPICON_NAME = AppIcon;
				INFOPLIST_FILE = Calculator/Info.plist;
				LD_RUNPATH_SEARCH_PATHS = "$(inherited) @executable_path/Frameworks";
				PRODUCT_BUNDLE_IDENTIFIER = com.JhonnyBill.Calculator;
				PRODUCT_NAME = "$(TARGET_NAME)";
				SWIFT_VERSION = 3.0;
			};
			name = Debug;
		};
		DDD46BF71DB7255F004F512B /* Release */ = {
			isa = XCBuildConfiguration;
			buildSettings = {
				ASSETCATALOG_COMPILER_APPICON_NAME = AppIcon;
				INFOPLIST_FILE = Calculator/Info.plist;
				LD_RUNPATH_SEARCH_PATHS = "$(inherited) @executable_path/Frameworks";
				PRODUCT_BUNDLE_IDENTIFIER = com.JhonnyBill.Calculator;
				PRODUCT_NAME = "$(TARGET_NAME)";
				SWIFT_VERSION = 3.0;
			};
			name = Release;
		};
/* End XCBuildConfiguration section */

/* Begin XCConfigurationList section */
		DDD46BDE1DB7255F004F512B /* Build configuration list for PBXProject "Calculator" */ = {
			isa = XCConfigurationList;
			buildConfigurations = (
				DDD46BF31DB7255F004F512B /* Debug */,
				DDD46BF41DB7255F004F512B /* Release */,
			);
			defaultConfigurationIsVisible = 0;
			defaultConfigurationName = Release;
		};
		DDD46BF51DB7255F004F512B /* Build configuration list for PBXNativeTarget "Calculator" */ = {
			isa = XCConfigurationList;
			buildConfigurations = (
				DDD46BF61DB7255F004F512B /* Debug */,
				DDD46BF71DB7255F004F512B /* Release */,
			);
			defaultConfigurationIsVisible = 0;
			defaultConfigurationName = Release;
		};
/* End XCConfigurationList section */
	};
	rootObject = DDD46BDB1DB7255F004F512B /* Project object */;
}
